// !$*UTF8*$!
{
	archiveVersion = 1;
	classes = {
	};
	objectVersion = 50;
	objects = {

/* Begin PBXBuildFile section */
		11EDC3AB2777769E00B30978 /* AppDelegate.swift in Sources */ = {isa = PBXBuildFile; fileRef = 11EDC3AA2777769E00B30978 /* AppDelegate.swift */; };
		11EDC3AD2777769E00B30978 /* SceneDelegate.swift in Sources */ = {isa = PBXBuildFile; fileRef = 11EDC3AC2777769E00B30978 /* SceneDelegate.swift */; };
		11EDC3AF2777769E00B30978 /* ViewController.swift in Sources */ = {isa = PBXBuildFile; fileRef = 11EDC3AE2777769E00B30978 /* ViewController.swift */; };
		11EDC3B22777769E00B30978 /* Main.storyboard in Resources */ = {isa = PBXBuildFile; fileRef = 11EDC3B02777769E00B30978 /* Main.storyboard */; };
		11EDC3B4277776AA00B30978 /* Assets.xcassets in Resources */ = {isa = PBXBuildFile; fileRef = 11EDC3B3277776AA00B30978 /* Assets.xcassets */; };
		11EDC3B7277776AA00B30978 /* LaunchScreen.storyboard in Resources */ = {isa = PBXBuildFile; fileRef = 11EDC3B5277776AA00B30978 /* LaunchScreen.storyboard */; };
/* End PBXBuildFile section */

/* Begin PBXFileReference section */
		11EDC3A72777769E00B30978 /* Bucket List (iOS Client-Side).app */ = {isa = PBXFileReference; explicitFileType = wrapper.application; includeInIndex = 0; path = "Bucket List (iOS Client-Side).app"; sourceTree = BUILT_PRODUCTS_DIR; };
		11EDC3AA2777769E00B30978 /* AppDelegate.swift */ = {isa = PBXFileReference; lastKnownFileType = sourcecode.swift; path = AppDelegate.swift; sourceTree = "<group>"; };
		11EDC3AC2777769E00B30978 /* SceneDelegate.swift */ = {isa = PBXFileReference; lastKnownFileType = sourcecode.swift; path = SceneDelegate.swift; sourceTree = "<group>"; };
		11EDC3AE2777769E00B30978 /* ViewController.swift */ = {isa = PBXFileReference; lastKnownFileType = sourcecode.swift; path = ViewController.swift; sourceTree = "<group>"; };
		11EDC3B12777769E00B30978 /* Base */ = {isa = PBXFileReference; lastKnownFileType = file.storyboard; name = Base; path = Base.lproj/Main.storyboard; sourceTree = "<group>"; };
		11EDC3B3277776AA00B30978 /* Assets.xcassets */ = {isa = PBXFileReference; lastKnownFileType = folder.assetcatalog; path = Assets.xcassets; sourceTree = "<group>"; };
		11EDC3B6277776AA00B30978 /* Base */ = {isa = PBXFileReference; lastKnownFileType = file.storyboard; name = Base; path = Base.lproj/LaunchScreen.storyboard; sourceTree = "<group>"; };
		11EDC3B8277776AA00B30978 /* Info.plist */ = {isa = PBXFileReference; lastKnownFileType = text.plist.xml; path = Info.plist; sourceTree = "<group>"; };
/* End PBXFileReference section */

/* Begin PBXFrameworksBuildPhase section */
		11EDC3A42777769E00B30978 /* Frameworks */ = {
			isa = PBXFrameworksBuildPhase;
			buildActionMask = 2147483647;
			files = (
			);
			runOnlyForDeploymentPostprocessing = 0;
		};
/* End PBXFrameworksBuildPhase section */

/* Begin PBXGroup section */
		11EDC39E2777769D00B30978 = {
			isa = PBXGroup;
			children = (
				11EDC3A92777769E00B30978 /* Bucket List (iOS Client-Side) */,
				11EDC3A82777769E00B30978 /* Products */,
			);
			sourceTree = "<group>";
		};
		11EDC3A82777769E00B30978 /* Products */ = {
			isa = PBXGroup;
			children = (
				11EDC3A72777769E00B30978 /* Bucket List (iOS Client-Side).app */,
			);
			name = Products;
			sourceTree = "<group>";
		};
		11EDC3A92777769E00B30978 /* Bucket List (iOS Client-Side) */ = {
			isa = PBXGroup;
			children = (
				11EDC3AA2777769E00B30978 /* AppDelegate.swift */,
				11EDC3AC2777769E00B30978 /* SceneDelegate.swift */,
				11EDC3AE2777769E00B30978 /* ViewController.swift */,
				11EDC3B02777769E00B30978 /* Main.storyboard */,
				11EDC3B3277776AA00B30978 /* Assets.xcassets */,
				11EDC3B5277776AA00B30978 /* LaunchScreen.storyboard */,
				11EDC3B8277776AA00B30978 /* Info.plist */,
			);
			path = "Bucket List (iOS Client-Side)";
			sourceTree = "<group>";
		};
/* End PBXGroup section */

/* Begin PBXNativeTarget section */
		11EDC3A62777769E00B30978 /* Bucket List (iOS Client-Side) */ = {
			isa = PBXNativeTarget;
			buildConfigurationList = 11EDC3BB277776AA00B30978 /* Build configuration list for PBXNativeTarget "Bucket List (iOS Client-Side)" */;
			buildPhases = (
				11EDC3A32777769E00B30978 /* Sources */,
				11EDC3A42777769E00B30978 /* Frameworks */,
				11EDC3A52777769E00B30978 /* Resources */,
			);
			buildRules = (
			);
			dependencies = (
			);
			name = "Bucket List (iOS Client-Side)";
			productName = "Bucket List (iOS Client-Side)";
			productReference = 11EDC3A72777769E00B30978 /* Bucket List (iOS Client-Side).app */;
			productType = "com.apple.product-type.application";
		};
/* End PBXNativeTarget section */

/* Begin PBXProject section */
		11EDC39F2777769D00B30978 /* Project object */ = {
			isa = PBXProject;
			attributes = {
				LastSwiftUpdateCheck = 1120;
				LastUpgradeCheck = 1120;
				ORGANIZATIONNAME = R;
				TargetAttributes = {
					11EDC3A62777769E00B30978 = {
						CreatedOnToolsVersion = 11.2.1;
					};
				};
			};
			buildConfigurationList = 11EDC3A22777769D00B30978 /* Build configuration list for PBXProject "Bucket List (iOS Client-Side)" */;
			compatibilityVersion = "Xcode 9.3";
			developmentRegion = en;
			hasScannedForEncodings = 0;
			knownRegions = (
				en,
				Base,
			);
			mainGroup = 11EDC39E2777769D00B30978;
			productRefGroup = 11EDC3A82777769E00B30978 /* Products */;
			projectDirPath = "";
			projectRoot = "";
			targets = (
				11EDC3A62777769E00B30978 /* Bucket List (iOS Client-Side) */,
			);
		};
/* End PBXProject section */

/* Begin PBXResourcesBuildPhase section */
		11EDC3A52777769E00B30978 /* Resources */ = {
			isa = PBXResourcesBuildPhase;
			buildActionMask = 2147483647;
			files = (
				11EDC3B7277776AA00B30978 /* LaunchScreen.storyboard in Resources */,
				11EDC3B4277776AA00B30978 /* Assets.xcassets in Resources */,
				11EDC3B22777769E00B30978 /* Main.storyboard in Resources */,
			);
			runOnlyForDeploymentPostprocessing = 0;
		};
/* End PBXResourcesBuildPhase section */

/* Begin PBXSourcesBuildPhase section */
		11EDC3A32777769E00B30978 /* Sources */ = {
			isa = PBXSourcesBuildPhase;
			buildActionMask = 2147483647;
			files = (
				11EDC3AF2777769E00B30978 /* ViewController.swift in Sources */,
				11EDC3AB2777769E00B30978 /* AppDelegate.swift in Sources */,
				11EDC3AD2777769E00B30978 /* SceneDelegate.swift in Sources */,
			);
			runOnlyForDeploymentPostprocessing = 0;
		};
/* End PBXSourcesBuildPhase section */

/* Begin PBXVariantGroup section */
		11EDC3B02777769E00B30978 /* Main.storyboard */ = {
			isa = PBXVariantGroup;
			children = (
				11EDC3B12777769E00B30978 /* Base */,
			);
			name = Main.storyboard;
			sourceTree = "<group>";
		};
		11EDC3B5277776AA00B30978 /* LaunchScreen.storyboard */ = {
			isa = PBXVariantGroup;
			children = (
				11EDC3B6277776AA00B30978 /* Base */,
			);
			name = LaunchScreen.storyboard;
			sourceTree = "<group>";
		};
/* End PBXVariantGroup section */

/* Begin XCBuildConfiguration section */
		11EDC3B9277776AA00B30978 /* Debug */ = {
			isa = XCBuildConfiguration;
			buildSettings = {
				ALWAYS_SEARCH_USER_PATHS = NO;
				CLANG_ANALYZER_NONNULL = YES;
				CLANG_ANALYZER_NUMBER_OBJECT_CONVERSION = YES_AGGRESSIVE;
				CLANG_CXX_LANGUAGE_STANDARD = "gnu++14";
				CLANG_CXX_LIBRARY = "libc++";
				CLANG_ENABLE_MODULES = YES;
				CLANG_ENABLE_OBJC_ARC = YES;
				CLANG_ENABLE_OBJC_WEAK = YES;
				CLANG_WARN_BLOCK_CAPTURE_AUTORELEASING = YES;
				CLANG_WARN_BOOL_CONVERSION = YES;
				CLANG_WARN_COMMA = YES;
				CLANG_WARN_CONSTANT_CONVERSION = YES;
				CLANG_WARN_DEPRECATED_OBJC_IMPLEMENTATIONS = YES;
				CLANG_WARN_DIRECT_OBJC_ISA_USAGE = YES_ERROR;
				CLANG_WARN_DOCUMENTATION_COMMENTS = YES;
				CLANG_WARN_EMPTY_BODY = YES;
				CLANG_WARN_ENUM_CONVERSION = YES;
				CLANG_WARN_INFINITE_RECURSION = YES;
				CLANG_WARN_INT_CONVERSION = YES;
				CLANG_WARN_NON_LITERAL_NULL_CONVERSION = YES;
				CLANG_WARN_OBJC_IMPLICIT_RETAIN_SELF = YES;
				CLANG_WARN_OBJC_LITERAL_CONVERSION = YES;
				CLANG_WARN_OBJC_ROOT_CLASS = YES_ERROR;
				CLANG_WARN_RANGE_LOOP_ANALYSIS = YES;
				CLANG_WARN_STRICT_PROTOTYPES = YES;
				CLANG_WARN_SUSPICIOUS_MOVE = YES;
				CLANG_WARN_UNGUARDED_AVAILABILITY = YES_AGGRESSIVE;
				CLANG_WARN_UNREACHABLE_CODE = YES;
				CLANG_WARN__DUPLICATE_METHOD_MATCH = YES;
				COPY_PHASE_STRIP = NO;
				DEBUG_INFORMATION_FORMAT = dwarf;
				ENABLE_STRICT_OBJC_MSGSEND = YES;
				ENABLE_TESTABILITY = YES;
				GCC_C_LANGUAGE_STANDARD = gnu11;
				GCC_DYNAMIC_NO_PIC = NO;
				GCC_NO_COMMON_BLOCKS = YES;
				GCC_OPTIMIZATION_LEVEL = 0;
				GCC_PREPROCESSOR_DEFINITIONS = (
					"DEBUG=1",
					"$(inherited)",
				);
				GCC_WARN_64_TO_32_BIT_CONVERSION = YES;
				GCC_WARN_ABOUT_RETURN_TYPE = YES_ERROR;
				GCC_WARN_UNDECLARED_SELECTOR = YES;
				GCC_WARN_UNINITIALIZED_AUTOS = YES_AGGRESSIVE;
				GCC_WARN_UNUSED_FUNCTION = YES;
				GCC_WARN_UNUSED_VARIABLE = YES;
				IPHONEOS_DEPLOYMENT_TARGET = 13.2;
				MTL_ENABLE_DEBUG_INFO = INCLUDE_SOURCE;
				MTL_FAST_MATH = YES;
				ONLY_ACTIVE_ARCH = YES;
				SDKROOT = iphoneos;
				SWIFT_ACTIVE_COMPILATION_CONDITIONS = DEBUG;
				SWIFT_OPTIMIZATION_LEVEL = "-Onone";
			};
			name = Debug;
		};
		11EDC3BA277776AA00B30978 /* Release */ = {
			isa = XCBuildConfiguration;
			buildSettings = {
				ALWAYS_SEARCH_USER_PATHS = NO;
				CLANG_ANALYZER_NONNULL = YES;
				CLANG_ANALYZER_NUMBER_OBJECT_CONVERSION = YES_AGGRESSIVE;
				CLANG_CXX_LANGUAGE_STANDARD = "gnu++14";
				CLANG_CXX_LIBRARY = "libc++";
				CLANG_ENABLE_MODULES = YES;
				CLANG_ENABLE_OBJC_ARC = YES;
				CLANG_ENABLE_OBJC_WEAK = YES;
				CLANG_WARN_BLOCK_CAPTURE_AUTORELEASING = YES;
				CLANG_WARN_BOOL_CONVERSION = YES;
				CLANG_WARN_COMMA = YES;
				CLANG_WARN_CONSTANT_CONVERSION = YES;
				CLANG_WARN_DEPRECATED_OBJC_IMPLEMENTATIONS = YES;
				CLANG_WARN_DIRECT_OBJC_ISA_USAGE = YES_ERROR;
				CLANG_WARN_DOCUMENTATION_COMMENTS = YES;
				CLANG_WARN_EMPTY_BODY = YES;
				CLANG_WARN_ENUM_CONVERSION = YES;
				CLANG_WARN_INFINITE_RECURSION = YES;
				CLANG_WARN_INT_CONVERSION = YES;
				CLANG_WARN_NON_LITERAL_NULL_CONVERSION = YES;
				CLANG_WARN_OBJC_IMPLICIT_RETAIN_SELF = YES;
				CLANG_WARN_OBJC_LITERAL_CONVERSION = YES;
				CLANG_WARN_OBJC_ROOT_CLASS = YES_ERROR;
				CLANG_WARN_RANGE_LOOP_ANALYSIS = YES;
				CLANG_WARN_STRICT_PROTOTYPES = YES;
				CLANG_WARN_SUSPICIOUS_MOVE = YES;
				CLANG_WARN_UNGUARDED_AVAILABILITY = YES_AGGRESSIVE;
				CLANG_WARN_UNREACHABLE_CODE = YES;
				CLANG_WARN__DUPLICATE_METHOD_MATCH = YES;
				COPY_PHASE_STRIP = NO;
				DEBUG_INFORMATION_FORMAT = "dwarf-with-dsym";
				ENABLE_NS_ASSERTIONS = NO;
				ENABLE_STRICT_OBJC_MSGSEND = YES;
				GCC_C_LANGUAGE_STANDARD = gnu11;
				GCC_NO_COMMON_BLOCKS = YES;
				GCC_WARN_64_TO_32_BIT_CONVERSION = YES;
				GCC_WARN_ABOUT_RETURN_TYPE = YES_ERROR;
				GCC_WARN_UNDECLARED_SELECTOR = YES;
				GCC_WARN_UNINITIALIZED_AUTOS = YES_AGGRESSIVE;
				GCC_WARN_UNUSED_FUNCTION = YES;
				GCC_WARN_UNUSED_VARIABLE = YES;
				IPHONEOS_DEPLOYMENT_TARGET = 13.2;
				MTL_ENABLE_DEBUG_INFO = NO;
				MTL_FAST_MATH = YES;
				SDKROOT = iphoneos;
				SWIFT_COMPILATION_MODE = wholemodule;
				SWIFT_OPTIMIZATION_LEVEL = "-O";
				VALIDATE_PRODUCT = YES;
			};
			name = Release;
		};
		11EDC3BC277776AA00B30978 /* Debug */ = {
			isa = XCBuildConfiguration;
			buildSettings = {
				ASSETCATALOG_COMPILER_APPICON_NAME = AppIcon;
				CODE_SIGN_STYLE = Automatic;
				INFOPLIST_FILE = "Bucket List (iOS Client-Side)/Info.plist";
				LD_RUNPATH_SEARCH_PATHS = (
					"$(inherited)",
					"@executable_path/Frameworks",
				);
				PRODUCT_BUNDLE_IDENTIFIER = "r.Bucket-List--iOS-Client-Side-";
				PRODUCT_NAME = "$(TARGET_NAME)";
				SWIFT_VERSION = 5.0;
				TARGETED_DEVICE_FAMILY = "1,2";
			};
			name = Debug;
		};
		11EDC3BD277776AA00B30978 /* Release */ = {
			isa = XCBuildConfiguration;
			buildSettings = {
				ASSETCATALOG_COMPILER_APPICON_NAME = AppIcon;
				CODE_SIGN_STYLE = Automatic;
				INFOPLIST_FILE = "Bucket List (iOS Client-Side)/Info.plist";
				LD_RUNPATH_SEARCH_PATHS = (
					"$(inherited)",
					"@executable_path/Frameworks",
				);
				PRODUCT_BUNDLE_IDENTIFIER = "r.Bucket-List--iOS-Client-Side-";
				PRODUCT_NAME = "$(TARGET_NAME)";
				SWIFT_VERSION = 5.0;
				TARGETED_DEVICE_FAMILY = "1,2";
			};
			name = Release;
		};
/* End XCBuildConfiguration section */

/* Begin XCConfigurationList section */
		11EDC3A22777769D00B30978 /* Build configuration list for PBXProject "Bucket List (iOS Client-Side)" */ = {
			isa = XCConfigurationList;
			buildConfigurations = (
				11EDC3B9277776AA00B30978 /* Debug */,
				11EDC3BA277776AA00B30978 /* Release */,
			);
			defaultConfigurationIsVisible = 0;
			defaultConfigurationName = Release;
		};
		11EDC3BB277776AA00B30978 /* Build configuration list for PBXNativeTarget "Bucket List (iOS Client-Side)" */ = {
			isa = XCConfigurationList;
			buildConfigurations = (
				11EDC3BC277776AA00B30978 /* Debug */,
				11EDC3BD277776AA00B30978 /* Release */,
			);
			defaultConfigurationIsVisible = 0;
			defaultConfigurationName = Release;
		};
/* End XCConfigurationList section */
	};
	rootObject = 11EDC39F2777769D00B30978 /* Project object */;
}
